
Microsoft Visual Studio Solution File, Format Version 10.00
# Visual Studio 2008
Project("{FAE04EC0-301F-11D3-BF4B-00C04F79EFBC}") = "Beerdriven.Mobile", "Beerdriven.Mobile\Beerdriven.Mobile.csproj", "{2FD920C5-DCF2-4DB3-A8BE-45AE248AB831}"
EndProject
Project("{FAE04EC0-301F-11D3-BF4B-00C04F79EFBC}") = "SampleApp", "SampleApp\SampleApp.csproj", "{3303D37B-2F6A-4901-BEE4-B7D65A2F2D21}"
EndProject
Project("{FAE04EC0-301F-11D3-BF4B-00C04F79EFBC}") = "OpenTK.Math.CompactFramework", "OpenTK.Math.CompactFramework\OpenTK.Math.CompactFramework.csproj", "{21A6057D-E3B5-4719-A9A0-C40F53DC3CB4}"
EndProject
Project("{B900F1C2-3D47-4FEC-85B3-04AAF18C3634}") = "Beerdriven.Mobile.SampleAppSetup", "Beerdriven.Mobile.SampleAppSetup\Beerdriven.Mobile.SampleAppSetup.vddproj", "{C7B0159D-6FCE-401F-B8E0-771C135B4997}"
EndProject
Global
	GlobalSection(SolutionConfigurationPlatforms) = preSolution
		Debug|Any CPU = Debug|Any CPU
		Release|Any CPU = Release|Any CPU
	EndGlobalSection
	GlobalSection(ProjectConfigurationPlatforms) = postSolution
		{2FD920C5-DCF2-4DB3-A8BE-45AE248AB831}.Debug|Any CPU.ActiveCfg = Debug|Any CPU
		{2FD920C5-DCF2-4DB3-A8BE-45AE248AB831}.Debug|Any CPU.Build.0 = Debug|Any CPU
		{2FD920C5-DCF2-4DB3-A8BE-45AE248AB831}.Debug|Any CPU.Deploy.0 = Debug|Any CPU
		{2FD920C5-DCF2-4DB3-A8BE-45AE248AB831}.Release|Any CPU.ActiveCfg = Release|Any CPU
		{2FD920C5-DCF2-4DB3-A8BE-45AE248AB831}.Release|Any CPU.Build.0 = Release|Any CPU
		{2FD920C5-DCF2-4DB3-A8BE-45AE248AB831}.Release|Any CPU.Deploy.0 = Release|Any CPU
		{3303D37B-2F6A-4901-BEE4-B7D65A2F2D21}.Debug|Any CPU.ActiveCfg = Debug|Any CPU
		{3303D37B-2F6A-4901-BEE4-B7D65A2F2D21}.Debug|Any CPU.Build.0 = Debug|Any CPU
		{3303D37B-2F6A-4901-BEE4-B7D65A2F2D21}.Debug|Any CPU.Deploy.0 = Debug|Any CPU
		{3303D37B-2F6A-4901-BEE4-B7D65A2F2D21}.Release|Any CPU.ActiveCfg = Release|Any CPU
		{3303D37B-2F6A-4901-BEE4-B7D65A2F2D21}.Release|Any CPU.Build.0 = Release|Any CPU
		{3303D37B-2F6A-4901-BEE4-B7D65A2F2D21}.Release|Any CPU.Deploy.0 = Release|Any CPU
		{21A6057D-E3B5-4719-A9A0-C40F53DC3CB4}.Debug|Any CPU.ActiveCfg = Debug|Any CPU
		{21A6057D-E3B5-4719-A9A0-C40F53DC3CB4}.Debug|Any CPU.Build.0 = Debug|Any CPU
		{21A6057D-E3B5-4719-A9A0-C40F53DC3CB4}.Release|Any CPU.ActiveCfg = Release|Any CPU
		{21A6057D-E3B5-4719-A9A0-C40F53DC3CB4}.Release|Any CPU.Build.0 = Release|Any CPU
		{C7B0159D-6FCE-401F-B8E0-771C135B4997}.Debug|Any CPU.ActiveCfg = Debug
		{C7B0159D-6FCE-401F-B8E0-771C135B4997}.Release|Any CPU.ActiveCfg = Release
	EndGlobalSection
	GlobalSection(SolutionProperties) = preSolution
		HideSolutionNode = FALSE
	EndGlobalSection
EndGlobal
